
Microsoft Visual Studio Solution File, Format Version 12.00
# Visual Studio Version 17
VisualStudioVersion = 17.11.35222.181
MinimumVisualStudioVersion = 10.0.40219.1
Project("{2150E333-8FDC-42A3-9474-1A3956D46DE8}") = "Task0", "Task0", "{570DD640-B90F-4A08-AA6B-8774FA212A51}"
EndProject
Project("{9A19103F-16F7-4668-BE54-9A1E7A4F7556}") = "Tyuiu.YakovlevVAa.Sprint3.Task0.V12", "Tyuiu.YakovlevVAa.Sprint3.Task0.V12\Tyuiu.YakovlevVAa.Sprint3.Task0.V12.csproj", "{C16CD435-13BF-4138-989C-9278581C5DE9}"
EndProject
Project("{9A19103F-16F7-4668-BE54-9A1E7A4F7556}") = "Tyuiu.YakovlevVAa.Sprint3.Task0.V12.Lib", "Tyuiu.YakovlevVAa.Sprint3.Task0.V12.Lib\Tyuiu.YakovlevVAa.Sprint3.Task0.V12.Lib.csproj", "{0655D940-778E-4D99-BE56-D0A0B0B5C93F}"
EndProject
Project("{9A19103F-16F7-4668-BE54-9A1E7A4F7556}") = "Tyuiu.YakovlevVAa.Sprint3.Task0.V12.Test", "Tyuiu.YakovlevVAa.Sprint3.Task0.V12.Test\Tyuiu.YakovlevVAa.Sprint3.Task0.V12.Test.csproj", "{20E42D05-A91B-44B0-AD0E-133D99FD4363}"
EndProject
Project("{2150E333-8FDC-42A3-9474-1A3956D46DE8}") = "Task1", "Task1", "{06AB4B70-B60B-4D25-A344-0C7C638313B9}"
EndProject
Project("{9A19103F-16F7-4668-BE54-9A1E7A4F7556}") = "Tyuiu.YakovlevVAa.Sprint3.Task1.V13", "Tyuiu.YakovlevVAa.Sprint3.Task1.V13\Tyuiu.YakovlevVAa.Sprint3.Task1.V13.csproj", "{8E19FF92-9970-4AC3-88EA-569E99C8860A}"
EndProject
Project("{9A19103F-16F7-4668-BE54-9A1E7A4F7556}") = "Tyuiu.YakovlevVAa.Sprint3.Task1.V13.Lib", "Tyuiu.YakovlevVAa.Sprint3.Task1.V13.Lib\Tyuiu.YakovlevVAa.Sprint3.Task1.V13.Lib.csproj", "{36045593-D295-4F91-BF9E-BA79BC1EB406}"
EndProject
Project("{9A19103F-16F7-4668-BE54-9A1E7A4F7556}") = "Tyuiu.YakovlevVAa.Sprint3.Task1.V13.Test", "Tyuiu.YakovlevVAa.Sprint3.Task1.V13.Test\Tyuiu.YakovlevVAa.Sprint3.Task1.V13.Test.csproj", "{98E48BC4-BDBD-4D07-9793-59D8F7B1ECC8}"
EndProject
Project("{2150E333-8FDC-42A3-9474-1A3956D46DE8}") = "Task2", "Task2", "{970A5BB6-C12B-4284-9925-7FE9B04EDB53}"
EndProject
Project("{9A19103F-16F7-4668-BE54-9A1E7A4F7556}") = "Tyuiu.YakovlevVAa.Sprint3.Task2.V6", "Tyuiu.YakovlevVAa.Sprint3.Task2.V6\Tyuiu.YakovlevVAa.Sprint3.Task2.V6.csproj", "{B74C8380-4796-454C-BDDA-CF31ACA7DA2B}"
EndProject
Project("{9A19103F-16F7-4668-BE54-9A1E7A4F7556}") = "Tyuiu.YakovlevVAa.Sprint3.Task2.V6.Lib", "Tyuiu.YakovlevVAa.Sprint3.Task2.V6.Lib\Tyuiu.YakovlevVAa.Sprint3.Task2.V6.Lib.csproj", "{6D6A70E0-1653-4051-8D82-4FF079F2A48C}"
EndProject
Project("{9A19103F-16F7-4668-BE54-9A1E7A4F7556}") = "Tyuiu.YakovlevVAa.Sprint3.Task2.V6.Test", "Tyuiu.YakovlevVAa.Sprint3.Task2.V6.Test\Tyuiu.YakovlevVAa.Sprint3.Task2.V6.Test.csproj", "{427CACAA-E9AF-4F01-B386-698074D90134}"
EndProject
Project("{2150E333-8FDC-42A3-9474-1A3956D46DE8}") = "Task3", "Task3", "{FF60D69D-E35E-4B65-8407-1D3EB1F4CD9D}"
EndProject
Project("{9A19103F-16F7-4668-BE54-9A1E7A4F7556}") = "Tyuiu.YakovlevVAa.Sprint3.Task3.V3", "Tyuiu.YakovlevVAa.Sprint3.Task3.V3\Tyuiu.YakovlevVAa.Sprint3.Task3.V3.csproj", "{B64E34BD-9DC2-468A-8132-1C3F6083138A}"
EndProject
Project("{9A19103F-16F7-4668-BE54-9A1E7A4F7556}") = "Tyuiu.YakovlevVAa.Sprint3.Task3.V3.Test", "Tyuiu.YakovlevVAa.Sprint3.Task3.V3.Test\Tyuiu.YakovlevVAa.Sprint3.Task3.V3.Test.csproj", "{22DBB8E9-EA53-4428-A85B-97429AC645E5}"
EndProject
Project("{9A19103F-16F7-4668-BE54-9A1E7A4F7556}") = "Tyuiu.YakovlevVAa.Sprint3.Task3.V3.Lib", "Tyuiu.YakovlevVAa.Sprint3.Task3.V3.Lib\Tyuiu.YakovlevVAa.Sprint3.Task3.V3.Lib.csproj", "{6C30B358-5F67-4674-826E-7CCBF5C38C86}"
EndProject
Project("{2150E333-8FDC-42A3-9474-1A3956D46DE8}") = "Task4", "Task4", "{095C028A-F48E-4D66-B7E0-3C5474C7B773}"
EndProject
Project("{9A19103F-16F7-4668-BE54-9A1E7A4F7556}") = "Tyuiu.YakovlevVAa.Sprint3.Task4.V20", "Tyuiu.YakovlevVAa.Sprint3.Task4.V20\Tyuiu.YakovlevVAa.Sprint3.Task4.V20.csproj", "{7FA52DEB-6905-40AF-8A1E-6089FEC66F99}"
EndProject
Project("{9A19103F-16F7-4668-BE54-9A1E7A4F7556}") = "Tyuiu.YakovlevVAa.Sprint3.Task4.V20.Test", "Tyuiu.YakovlevVAa.Sprint3.Task4.V20.Test\Tyuiu.YakovlevVAa.Sprint3.Task4.V20.Test.csproj", "{E8AE511F-42B7-4192-9A55-8D34D5610588}"
EndProject
Project("{9A19103F-16F7-4668-BE54-9A1E7A4F7556}") = "Tyuiu.YakovlevVAa.Sprint3.Task4.V20.Lib", "Tyuiu.YakovlevVAa.Sprint3.Task4.V20.Lib\Tyuiu.YakovlevVAa.Sprint3.Task4.V20.Lib.csproj", "{2821714E-91D4-4EB5-B698-19B8CBA83C8D}"
EndProject
Project("{2150E333-8FDC-42A3-9474-1A3956D46DE8}") = "Task5", "Task5", "{E90E7C70-F06D-46AA-89EF-A0E19CBD2F57}"
EndProject
Project("{2150E333-8FDC-42A3-9474-1A3956D46DE8}") = "Task6", "Task6", "{E2CAACCE-E705-4D8D-B0E8-CA91BF8F3A74}"
EndProject
Project("{2150E333-8FDC-42A3-9474-1A3956D46DE8}") = "Task7", "Task7", "{D59C097D-EEDC-47BA-BE59-3441029E9619}"
EndProject
Project("{9A19103F-16F7-4668-BE54-9A1E7A4F7556}") = "Tyuiu.YakovlevVAa.Sprint3.Task5.V25", "Tyuiu.YakovlevVAa.Sprint3.Task5.V25\Tyuiu.YakovlevVAa.Sprint3.Task5.V25.csproj", "{32160882-E917-44C1-96DD-F99F20149AAE}"
EndProject
Project("{9A19103F-16F7-4668-BE54-9A1E7A4F7556}") = "Tyuiu.YakovlevVAa.Sprint3.Task5.V25.Test", "Tyuiu.YakovlevVAa.Sprint3.Task5.V25.Test\Tyuiu.YakovlevVAa.Sprint3.Task5.V25.Test.csproj", "{D3B9D0F7-4A5E-4159-A76A-F5D5D3CEFD36}"
EndProject
Project("{9A19103F-16F7-4668-BE54-9A1E7A4F7556}") = "Tyuiu.YakovlevVAa.Sprint3.Task5.V25.Lib", "Tyuiu.YakovlevVAa.Sprint3.Task5.V25.Lib\Tyuiu.YakovlevVAa.Sprint3.Task5.V25.Lib.csproj", "{21858C1A-B1D3-4BC7-B243-F0426CA84D97}"
EndProject
Project("{FAE04EC0-301F-11D3-BF4B-00C04F79EFBC}") = "Tyuiu.YakovlevVAa.Sprint3.Task6.V28", "Tyuiu.YakovlevVAa.Sprint3.Task6.V28\Tyuiu.YakovlevVAa.Sprint3.Task6.V28.csproj", "{6B4F82DD-323C-4443-B0B0-187A15B5C872}"
EndProject
Project("{FAE04EC0-301F-11D3-BF4B-00C04F79EFBC}") = "Tyuiu.YakovlevVAa.Sprint3.Task6.V28.Test", "Tyuiu.YakovlevVAa.Sprint3.Task6.V28.Test\Tyuiu.YakovlevVAa.Sprint3.Task6.V28.Test.csproj", "{11B24FBD-6EC3-4E69-95E9-2826AD820D6E}"
EndProject
Project("{FAE04EC0-301F-11D3-BF4B-00C04F79EFBC}") = "Tyuiu.YakovlevVAa.Sprint3.Task6.V28.Lib", "Tyuiu.YakovlevVAa.Sprint3.Task6.V28.Lib\Tyuiu.YakovlevVAa.Sprint3.Task6.V28.Lib.csproj", "{69D3A668-46EF-47E6-8D9D-1DE0DCDFBE9F}"
EndProject
Global
	GlobalSection(SolutionConfigurationPlatforms) = preSolution
		Debug|Any CPU = Debug|Any CPU
		Release|Any CPU = Release|Any CPU
	EndGlobalSection
	GlobalSection(ProjectConfigurationPlatforms) = postSolution
		{C16CD435-13BF-4138-989C-9278581C5DE9}.Debug|Any CPU.ActiveCfg = Debug|Any CPU
		{C16CD435-13BF-4138-989C-9278581C5DE9}.Debug|Any CPU.Build.0 = Debug|Any CPU
		{C16CD435-13BF-4138-989C-9278581C5DE9}.Release|Any CPU.ActiveCfg = Release|Any CPU
		{C16CD435-13BF-4138-989C-9278581C5DE9}.Release|Any CPU.Build.0 = Release|Any CPU
		{0655D940-778E-4D99-BE56-D0A0B0B5C93F}.Debug|Any CPU.ActiveCfg = Debug|Any CPU
		{0655D940-778E-4D99-BE56-D0A0B0B5C93F}.Debug|Any CPU.Build.0 = Debug|Any CPU
		{0655D940-778E-4D99-BE56-D0A0B0B5C93F}.Release|Any CPU.ActiveCfg = Release|Any CPU
		{0655D940-778E-4D99-BE56-D0A0B0B5C93F}.Release|Any CPU.Build.0 = Release|Any CPU
		{20E42D05-A91B-44B0-AD0E-133D99FD4363}.Debug|Any CPU.ActiveCfg = Debug|Any CPU
		{20E42D05-A91B-44B0-AD0E-133D99FD4363}.Debug|Any CPU.Build.0 = Debug|Any CPU
		{20E42D05-A91B-44B0-AD0E-133D99FD4363}.Release|Any CPU.ActiveCfg = Release|Any CPU
		{20E42D05-A91B-44B0-AD0E-133D99FD4363}.Release|Any CPU.Build.0 = Release|Any CPU
		{8E19FF92-9970-4AC3-88EA-569E99C8860A}.Debug|Any CPU.ActiveCfg = Debug|Any CPU
		{8E19FF92-9970-4AC3-88EA-569E99C8860A}.Debug|Any CPU.Build.0 = Debug|Any CPU
		{8E19FF92-9970-4AC3-88EA-569E99C8860A}.Release|Any CPU.ActiveCfg = Release|Any CPU
		{8E19FF92-9970-4AC3-88EA-569E99C8860A}.Release|Any CPU.Build.0 = Release|Any CPU
		{36045593-D295-4F91-BF9E-BA79BC1EB406}.Debug|Any CPU.ActiveCfg = Debug|Any CPU
		{36045593-D295-4F91-BF9E-BA79BC1EB406}.Debug|Any CPU.Build.0 = Debug|Any CPU
		{36045593-D295-4F91-BF9E-BA79BC1EB406}.Release|Any CPU.ActiveCfg = Release|Any CPU
		{36045593-D295-4F91-BF9E-BA79BC1EB406}.Release|Any CPU.Build.0 = Release|Any CPU
		{98E48BC4-BDBD-4D07-9793-59D8F7B1ECC8}.Debug|Any CPU.ActiveCfg = Debug|Any CPU
		{98E48BC4-BDBD-4D07-9793-59D8F7B1ECC8}.Debug|Any CPU.Build.0 = Debug|Any CPU
		{98E48BC4-BDBD-4D07-9793-59D8F7B1ECC8}.Release|Any CPU.ActiveCfg = Release|Any CPU
		{98E48BC4-BDBD-4D07-9793-59D8F7B1ECC8}.Release|Any CPU.Build.0 = Release|Any CPU
		{B74C8380-4796-454C-BDDA-CF31ACA7DA2B}.Debug|Any CPU.ActiveCfg = Debug|Any CPU
		{B74C8380-4796-454C-BDDA-CF31ACA7DA2B}.Debug|Any CPU.Build.0 = Debug|Any CPU
		{B74C8380-4796-454C-BDDA-CF31ACA7DA2B}.Release|Any CPU.ActiveCfg = Release|Any CPU
		{B74C8380-4796-454C-BDDA-CF31ACA7DA2B}.Release|Any CPU.Build.0 = Release|Any CPU
		{6D6A70E0-1653-4051-8D82-4FF079F2A48C}.Debug|Any CPU.ActiveCfg = Debug|Any CPU
		{6D6A70E0-1653-4051-8D82-4FF079F2A48C}.Debug|Any CPU.Build.0 = Debug|Any CPU
		{6D6A70E0-1653-4051-8D82-4FF079F2A48C}.Release|Any CPU.ActiveCfg = Release|Any CPU
		{6D6A70E0-1653-4051-8D82-4FF079F2A48C}.Release|Any CPU.Build.0 = Release|Any CPU
		{427CACAA-E9AF-4F01-B386-698074D90134}.Debug|Any CPU.ActiveCfg = Debug|Any CPU
		{427CACAA-E9AF-4F01-B386-698074D90134}.Debug|Any CPU.Build.0 = Debug|Any CPU
		{427CACAA-E9AF-4F01-B386-698074D90134}.Release|Any CPU.ActiveCfg = Release|Any CPU
		{427CACAA-E9AF-4F01-B386-698074D90134}.Release|Any CPU.Build.0 = Release|Any CPU
		{B64E34BD-9DC2-468A-8132-1C3F6083138A}.Debug|Any CPU.ActiveCfg = Debug|Any CPU
		{B64E34BD-9DC2-468A-8132-1C3F6083138A}.Debug|Any CPU.Build.0 = Debug|Any CPU
		{B64E34BD-9DC2-468A-8132-1C3F6083138A}.Release|Any CPU.ActiveCfg = Release|Any CPU
		{B64E34BD-9DC2-468A-8132-1C3F6083138A}.Release|Any CPU.Build.0 = Release|Any CPU
		{22DBB8E9-EA53-4428-A85B-97429AC645E5}.Debug|Any CPU.ActiveCfg = Debug|Any CPU
		{22DBB8E9-EA53-4428-A85B-97429AC645E5}.Debug|Any CPU.Build.0 = Debug|Any CPU
		{22DBB8E9-EA53-4428-A85B-97429AC645E5}.Release|Any CPU.ActiveCfg = Release|Any CPU
		{22DBB8E9-EA53-4428-A85B-97429AC645E5}.Release|Any CPU.Build.0 = Release|Any CPU
		{6C30B358-5F67-4674-826E-7CCBF5C38C86}.Debug|Any CPU.ActiveCfg = Debug|Any CPU
		{6C30B358-5F67-4674-826E-7CCBF5C38C86}.Debug|Any CPU.Build.0 = Debug|Any CPU
		{6C30B358-5F67-4674-826E-7CCBF5C38C86}.Release|Any CPU.ActiveCfg = Release|Any CPU
		{6C30B358-5F67-4674-826E-7CCBF5C38C86}.Release|Any CPU.Build.0 = Release|Any CPU
		{7FA52DEB-6905-40AF-8A1E-6089FEC66F99}.Debug|Any CPU.ActiveCfg = Debug|Any CPU
		{7FA52DEB-6905-40AF-8A1E-6089FEC66F99}.Debug|Any CPU.Build.0 = Debug|Any CPU
		{7FA52DEB-6905-40AF-8A1E-6089FEC66F99}.Release|Any CPU.ActiveCfg = Release|Any CPU
		{7FA52DEB-6905-40AF-8A1E-6089FEC66F99}.Release|Any CPU.Build.0 = Release|Any CPU
		{E8AE511F-42B7-4192-9A55-8D34D5610588}.Debug|Any CPU.ActiveCfg = Debug|Any CPU
		{E8AE511F-42B7-4192-9A55-8D34D5610588}.Debug|Any CPU.Build.0 = Debug|Any CPU
		{E8AE511F-42B7-4192-9A55-8D34D5610588}.Release|Any CPU.ActiveCfg = Release|Any CPU
		{E8AE511F-42B7-4192-9A55-8D34D5610588}.Release|Any CPU.Build.0 = Release|Any CPU
		{2821714E-91D4-4EB5-B698-19B8CBA83C8D}.Debug|Any CPU.ActiveCfg = Debug|Any CPU
		{2821714E-91D4-4EB5-B698-19B8CBA83C8D}.Debug|Any CPU.Build.0 = Debug|Any CPU
		{2821714E-91D4-4EB5-B698-19B8CBA83C8D}.Release|Any CPU.ActiveCfg = Release|Any CPU
		{2821714E-91D4-4EB5-B698-19B8CBA83C8D}.Release|Any CPU.Build.0 = Release|Any CPU
		{32160882-E917-44C1-96DD-F99F20149AAE}.Debug|Any CPU.ActiveCfg = Debug|Any CPU
		{32160882-E917-44C1-96DD-F99F20149AAE}.Debug|Any CPU.Build.0 = Debug|Any CPU
		{32160882-E917-44C1-96DD-F99F20149AAE}.Release|Any CPU.ActiveCfg = Release|Any CPU
		{32160882-E917-44C1-96DD-F99F20149AAE}.Release|Any CPU.Build.0 = Release|Any CPU
		{D3B9D0F7-4A5E-4159-A76A-F5D5D3CEFD36}.Debug|Any CPU.ActiveCfg = Debug|Any CPU
		{D3B9D0F7-4A5E-4159-A76A-F5D5D3CEFD36}.Debug|Any CPU.Build.0 = Debug|Any CPU
		{D3B9D0F7-4A5E-4159-A76A-F5D5D3CEFD36}.Release|Any CPU.ActiveCfg = Release|Any CPU
		{D3B9D0F7-4A5E-4159-A76A-F5D5D3CEFD36}.Release|Any CPU.Build.0 = Release|Any CPU
		{21858C1A-B1D3-4BC7-B243-F0426CA84D97}.Debug|Any CPU.ActiveCfg = Debug|Any CPU
		{21858C1A-B1D3-4BC7-B243-F0426CA84D97}.Debug|Any CPU.Build.0 = Debug|Any CPU
		{21858C1A-B1D3-4BC7-B243-F0426CA84D97}.Release|Any CPU.ActiveCfg = Release|Any CPU
		{21858C1A-B1D3-4BC7-B243-F0426CA84D97}.Release|Any CPU.Build.0 = Release|Any CPU
		{6B4F82DD-323C-4443-B0B0-187A15B5C872}.Debug|Any CPU.ActiveCfg = Debug|Any CPU
		{6B4F82DD-323C-4443-B0B0-187A15B5C872}.Debug|Any CPU.Build.0 = Debug|Any CPU
		{6B4F82DD-323C-4443-B0B0-187A15B5C872}.Release|Any CPU.ActiveCfg = Release|Any CPU
		{6B4F82DD-323C-4443-B0B0-187A15B5C872}.Release|Any CPU.Build.0 = Release|Any CPU
		{11B24FBD-6EC3-4E69-95E9-2826AD820D6E}.Debug|Any CPU.ActiveCfg = Debug|Any CPU
		{11B24FBD-6EC3-4E69-95E9-2826AD820D6E}.Debug|Any CPU.Build.0 = Debug|Any CPU
		{11B24FBD-6EC3-4E69-95E9-2826AD820D6E}.Release|Any CPU.ActiveCfg = Release|Any CPU
		{11B24FBD-6EC3-4E69-95E9-2826AD820D6E}.Release|Any CPU.Build.0 = Release|Any CPU
		{69D3A668-46EF-47E6-8D9D-1DE0DCDFBE9F}.Debug|Any CPU.ActiveCfg = Debug|Any CPU
		{69D3A668-46EF-47E6-8D9D-1DE0DCDFBE9F}.Debug|Any CPU.Build.0 = Debug|Any CPU
		{69D3A668-46EF-47E6-8D9D-1DE0DCDFBE9F}.Release|Any CPU.ActiveCfg = Release|Any CPU
		{69D3A668-46EF-47E6-8D9D-1DE0DCDFBE9F}.Release|Any CPU.Build.0 = Release|Any CPU
	EndGlobalSection
	GlobalSection(SolutionProperties) = preSolution
		HideSolutionNode = FALSE
	EndGlobalSection
	GlobalSection(NestedProjects) = preSolution
		{C16CD435-13BF-4138-989C-9278581C5DE9} = {570DD640-B90F-4A08-AA6B-8774FA212A51}
		{0655D940-778E-4D99-BE56-D0A0B0B5C93F} = {570DD640-B90F-4A08-AA6B-8774FA212A51}
		{20E42D05-A91B-44B0-AD0E-133D99FD4363} = {570DD640-B90F-4A08-AA6B-8774FA212A51}
		{8E19FF92-9970-4AC3-88EA-569E99C8860A} = {06AB4B70-B60B-4D25-A344-0C7C638313B9}
		{36045593-D295-4F91-BF9E-BA79BC1EB406} = {06AB4B70-B60B-4D25-A344-0C7C638313B9}
		{98E48BC4-BDBD-4D07-9793-59D8F7B1ECC8} = {06AB4B70-B60B-4D25-A344-0C7C638313B9}
		{B74C8380-4796-454C-BDDA-CF31ACA7DA2B} = {970A5BB6-C12B-4284-9925-7FE9B04EDB53}
		{6D6A70E0-1653-4051-8D82-4FF079F2A48C} = {970A5BB6-C12B-4284-9925-7FE9B04EDB53}
		{427CACAA-E9AF-4F01-B386-698074D90134} = {970A5BB6-C12B-4284-9925-7FE9B04EDB53}
		{B64E34BD-9DC2-468A-8132-1C3F6083138A} = {FF60D69D-E35E-4B65-8407-1D3EB1F4CD9D}
		{22DBB8E9-EA53-4428-A85B-97429AC645E5} = {FF60D69D-E35E-4B65-8407-1D3EB1F4CD9D}
		{6C30B358-5F67-4674-826E-7CCBF5C38C86} = {FF60D69D-E35E-4B65-8407-1D3EB1F4CD9D}
		{7FA52DEB-6905-40AF-8A1E-6089FEC66F99} = {095C028A-F48E-4D66-B7E0-3C5474C7B773}
		{E8AE511F-42B7-4192-9A55-8D34D5610588} = {095C028A-F48E-4D66-B7E0-3C5474C7B773}
		{2821714E-91D4-4EB5-B698-19B8CBA83C8D} = {095C028A-F48E-4D66-B7E0-3C5474C7B773}
		{32160882-E917-44C1-96DD-F99F20149AAE} = {E90E7C70-F06D-46AA-89EF-A0E19CBD2F57}
		{D3B9D0F7-4A5E-4159-A76A-F5D5D3CEFD36} = {E90E7C70-F06D-46AA-89EF-A0E19CBD2F57}
		{21858C1A-B1D3-4BC7-B243-F0426CA84D97} = {E90E7C70-F06D-46AA-89EF-A0E19CBD2F57}
		{6B4F82DD-323C-4443-B0B0-187A15B5C872} = {E2CAACCE-E705-4D8D-B0E8-CA91BF8F3A74}
		{11B24FBD-6EC3-4E69-95E9-2826AD820D6E} = {E2CAACCE-E705-4D8D-B0E8-CA91BF8F3A74}
		{69D3A668-46EF-47E6-8D9D-1DE0DCDFBE9F} = {E2CAACCE-E705-4D8D-B0E8-CA91BF8F3A74}
	EndGlobalSection
	GlobalSection(ExtensibilityGlobals) = postSolution
		SolutionGuid = {A4FBC2EF-BE6E-40A5-981B-1D003610994C}
	EndGlobalSection
EndGlobal
