
Microsoft Visual Studio Solution File, Format Version 12.00
# Visual Studio Version 17
VisualStudioVersion = 17.11.35222.181
MinimumVisualStudioVersion = 10.0.40219.1
Project("{2150E333-8FDC-42A3-9474-1A3956D46DE8}") = "Task0", "Task0", "{570DD640-B90F-4A08-AA6B-8774FA212A51}"
EndProject
Project("{9A19103F-16F7-4668-BE54-9A1E7A4F7556}") = "Tyuiu.YakovlevVAa.Sprint3.Task0.V12", "Tyuiu.YakovlevVAa.Sprint3.Task0.V12\Tyuiu.YakovlevVAa.Sprint3.Task0.V12.csproj", "{C16CD435-13BF-4138-989C-9278581C5DE9}"
EndProject
Project("{9A19103F-16F7-4668-BE54-9A1E7A4F7556}") = "Tyuiu.YakovlevVAa.Sprint3.Task0.V12.Lib", "Tyuiu.YakovlevVAa.Sprint3.Task0.V12.Lib\Tyuiu.YakovlevVAa.Sprint3.Task0.V12.Lib.csproj", "{0655D940-778E-4D99-BE56-D0A0B0B5C93F}"
EndProject
Project("{9A19103F-16F7-4668-BE54-9A1E7A4F7556}") = "Tyuiu.YakovlevVAa.Sprint3.Task0.V12.Test", "Tyuiu.YakovlevVAa.Sprint3.Task0.V12.Test\Tyuiu.YakovlevVAa.Sprint3.Task0.V12.Test.csproj", "{20E42D05-A91B-44B0-AD0E-133D99FD4363}"
EndProject
Project("{2150E333-8FDC-42A3-9474-1A3956D46DE8}") = "Task1", "Task1", "{06AB4B70-B60B-4D25-A344-0C7C638313B9}"
EndProject
Project("{9A19103F-16F7-4668-BE54-9A1E7A4F7556}") = "Tyuiu.YakovlevVAa.Sprint3.Task1.V13", "Tyuiu.YakovlevVAa.Sprint3.Task1.V13\Tyuiu.YakovlevVAa.Sprint3.Task1.V13.csproj", "{8E19FF92-9970-4AC3-88EA-569E99C8860A}"
EndProject
Project("{9A19103F-16F7-4668-BE54-9A1E7A4F7556}") = "Tyuiu.YakovlevVAa.Sprint3.Task1.V13.Lib", "Tyuiu.YakovlevVAa.Sprint3.Task1.V13.Lib\Tyuiu.YakovlevVAa.Sprint3.Task1.V13.Lib.csproj", "{36045593-D295-4F91-BF9E-BA79BC1EB406}"
EndProject
Project("{9A19103F-16F7-4668-BE54-9A1E7A4F7556}") = "Tyuiu.YakovlevVAa.Sprint3.Task1.V13.Test", "Tyuiu.YakovlevVAa.Sprint3.Task1.V13.Test\Tyuiu.YakovlevVAa.Sprint3.Task1.V13.Test.csproj", "{98E48BC4-BDBD-4D07-9793-59D8F7B1ECC8}"
EndProject
Project("{2150E333-8FDC-42A3-9474-1A3956D46DE8}") = "Task2", "Task2", "{970A5BB6-C12B-4284-9925-7FE9B04EDB53}"
EndProject
Project("{FAE04EC0-301F-11D3-BF4B-00C04F79EFBC}") = "Tyuiu.YakovlevVAa.Sprint3.Task2.V6", "Tyuiu.YakovlevVAa.Sprint3.Task2.V6\Tyuiu.YakovlevVAa.Sprint3.Task2.V6.csproj", "{B74C8380-4796-454C-BDDA-CF31ACA7DA2B}"
EndProject
Project("{FAE04EC0-301F-11D3-BF4B-00C04F79EFBC}") = "Tyuiu.YakovlevVAa.Sprint3.Task2.V6.Lib", "Tyuiu.YakovlevVAa.Sprint3.Task2.V6.Lib\Tyuiu.YakovlevVAa.Sprint3.Task2.V6.Lib.csproj", "{6D6A70E0-1653-4051-8D82-4FF079F2A48C}"
EndProject
Project("{FAE04EC0-301F-11D3-BF4B-00C04F79EFBC}") = "Tyuiu.YakovlevVAa.Sprint3.Task2.V6.Test", "Tyuiu.YakovlevVAa.Sprint3.Task2.V6.Test\Tyuiu.YakovlevVAa.Sprint3.Task2.V6.Test.csproj", "{427CACAA-E9AF-4F01-B386-698074D90134}"
EndProject
Project("{2150E333-8FDC-42A3-9474-1A3956D46DE8}") = "Task3", "Task3", "{FF60D69D-E35E-4B65-8407-1D3EB1F4CD9D}"
EndProject
Project("{FAE04EC0-301F-11D3-BF4B-00C04F79EFBC}") = "Tyuiu.YakovlevVAa.Sprint3.Task3.V3", "Tyuiu.YakovlevVAa.Sprint3.Task3.V3\Tyuiu.YakovlevVAa.Sprint3.Task3.V3.csproj", "{B64E34BD-9DC2-468A-8132-1C3F6083138A}"
EndProject
Project("{FAE04EC0-301F-11D3-BF4B-00C04F79EFBC}") = "Tyuiu.YakovlevVAa.Sprint3.Task3.V3.Test", "Tyuiu.YakovlevVAa.Sprint3.Task3.V3.Test\Tyuiu.YakovlevVAa.Sprint3.Task3.V3.Test.csproj", "{22DBB8E9-EA53-4428-A85B-97429AC645E5}"
EndProject
Project("{FAE04EC0-301F-11D3-BF4B-00C04F79EFBC}") = "Tyuiu.YakovlevVAa.Sprint3.Task3.V3.Lib", "Tyuiu.YakovlevVAa.Sprint3.Task3.V3.Lib\Tyuiu.YakovlevVAa.Sprint3.Task3.V3.Lib.csproj", "{6C30B358-5F67-4674-826E-7CCBF5C38C86}"
EndProject
Global
	GlobalSection(SolutionConfigurationPlatforms) = preSolution
		Debug|Any CPU = Debug|Any CPU
		Release|Any CPU = Release|Any CPU
	EndGlobalSection
	GlobalSection(ProjectConfigurationPlatforms) = postSolution
		{C16CD435-13BF-4138-989C-9278581C5DE9}.Debug|Any CPU.ActiveCfg = Debug|Any CPU
		{C16CD435-13BF-4138-989C-9278581C5DE9}.Debug|Any CPU.Build.0 = Debug|Any CPU
		{C16CD435-13BF-4138-989C-9278581C5DE9}.Release|Any CPU.ActiveCfg = Release|Any CPU
		{C16CD435-13BF-4138-989C-9278581C5DE9}.Release|Any CPU.Build.0 = Release|Any CPU
		{0655D940-778E-4D99-BE56-D0A0B0B5C93F}.Debug|Any CPU.ActiveCfg = Debug|Any CPU
		{0655D940-778E-4D99-BE56-D0A0B0B5C93F}.Debug|Any CPU.Build.0 = Debug|Any CPU
		{0655D940-778E-4D99-BE56-D0A0B0B5C93F}.Release|Any CPU.ActiveCfg = Release|Any CPU
		{0655D940-778E-4D99-BE56-D0A0B0B5C93F}.Release|Any CPU.Build.0 = Release|Any CPU
		{20E42D05-A91B-44B0-AD0E-133D99FD4363}.Debug|Any CPU.ActiveCfg = Debug|Any CPU
		{20E42D05-A91B-44B0-AD0E-133D99FD4363}.Debug|Any CPU.Build.0 = Debug|Any CPU
		{20E42D05-A91B-44B0-AD0E-133D99FD4363}.Release|Any CPU.ActiveCfg = Release|Any CPU
		{20E42D05-A91B-44B0-AD0E-133D99FD4363}.Release|Any CPU.Build.0 = Release|Any CPU
		{8E19FF92-9970-4AC3-88EA-569E99C8860A}.Debug|Any CPU.ActiveCfg = Debug|Any CPU
		{8E19FF92-9970-4AC3-88EA-569E99C8860A}.Debug|Any CPU.Build.0 = Debug|Any CPU
		{8E19FF92-9970-4AC3-88EA-569E99C8860A}.Release|Any CPU.ActiveCfg = Release|Any CPU
		{8E19FF92-9970-4AC3-88EA-569E99C8860A}.Release|Any CPU.Build.0 = Release|Any CPU
		{36045593-D295-4F91-BF9E-BA79BC1EB406}.Debug|Any CPU.ActiveCfg = Debug|Any CPU
		{36045593-D295-4F91-BF9E-BA79BC1EB406}.Debug|Any CPU.Build.0 = Debug|Any CPU
		{36045593-D295-4F91-BF9E-BA79BC1EB406}.Release|Any CPU.ActiveCfg = Release|Any CPU
		{36045593-D295-4F91-BF9E-BA79BC1EB406}.Release|Any CPU.Build.0 = Release|Any CPU
		{98E48BC4-BDBD-4D07-9793-59D8F7B1ECC8}.Debug|Any CPU.ActiveCfg = Debug|Any CPU
		{98E48BC4-BDBD-4D07-9793-59D8F7B1ECC8}.Debug|Any CPU.Build.0 = Debug|Any CPU
		{98E48BC4-BDBD-4D07-9793-59D8F7B1ECC8}.Release|Any CPU.ActiveCfg = Release|Any CPU
		{98E48BC4-BDBD-4D07-9793-59D8F7B1ECC8}.Release|Any CPU.Build.0 = Release|Any CPU
		{B74C8380-4796-454C-BDDA-CF31ACA7DA2B}.Debug|Any CPU.ActiveCfg = Debug|Any CPU
		{B74C8380-4796-454C-BDDA-CF31ACA7DA2B}.Debug|Any CPU.Build.0 = Debug|Any CPU
		{B74C8380-4796-454C-BDDA-CF31ACA7DA2B}.Release|Any CPU.ActiveCfg = Release|Any CPU
		{B74C8380-4796-454C-BDDA-CF31ACA7DA2B}.Release|Any CPU.Build.0 = Release|Any CPU
		{6D6A70E0-1653-4051-8D82-4FF079F2A48C}.Debug|Any CPU.ActiveCfg = Debug|Any CPU
		{6D6A70E0-1653-4051-8D82-4FF079F2A48C}.Debug|Any CPU.Build.0 = Debug|Any CPU
		{6D6A70E0-1653-4051-8D82-4FF079F2A48C}.Release|Any CPU.ActiveCfg = Release|Any CPU
		{6D6A70E0-1653-4051-8D82-4FF079F2A48C}.Release|Any CPU.Build.0 = Release|Any CPU
		{427CACAA-E9AF-4F01-B386-698074D90134}.Debug|Any CPU.ActiveCfg = Debug|Any CPU
		{427CACAA-E9AF-4F01-B386-698074D90134}.Debug|Any CPU.Build.0 = Debug|Any CPU
		{427CACAA-E9AF-4F01-B386-698074D90134}.Release|Any CPU.ActiveCfg = Release|Any CPU
		{427CACAA-E9AF-4F01-B386-698074D90134}.Release|Any CPU.Build.0 = Release|Any CPU
		{B64E34BD-9DC2-468A-8132-1C3F6083138A}.Debug|Any CPU.ActiveCfg = Debug|Any CPU
		{B64E34BD-9DC2-468A-8132-1C3F6083138A}.Debug|Any CPU.Build.0 = Debug|Any CPU
		{B64E34BD-9DC2-468A-8132-1C3F6083138A}.Release|Any CPU.ActiveCfg = Release|Any CPU
		{B64E34BD-9DC2-468A-8132-1C3F6083138A}.Release|Any CPU.Build.0 = Release|Any CPU
		{22DBB8E9-EA53-4428-A85B-97429AC645E5}.Debug|Any CPU.ActiveCfg = Debug|Any CPU
		{22DBB8E9-EA53-4428-A85B-97429AC645E5}.Debug|Any CPU.Build.0 = Debug|Any CPU
		{22DBB8E9-EA53-4428-A85B-97429AC645E5}.Release|Any CPU.ActiveCfg = Release|Any CPU
		{22DBB8E9-EA53-4428-A85B-97429AC645E5}.Release|Any CPU.Build.0 = Release|Any CPU
		{6C30B358-5F67-4674-826E-7CCBF5C38C86}.Debug|Any CPU.ActiveCfg = Debug|Any CPU
		{6C30B358-5F67-4674-826E-7CCBF5C38C86}.Debug|Any CPU.Build.0 = Debug|Any CPU
		{6C30B358-5F67-4674-826E-7CCBF5C38C86}.Release|Any CPU.ActiveCfg = Release|Any CPU
		{6C30B358-5F67-4674-826E-7CCBF5C38C86}.Release|Any CPU.Build.0 = Release|Any CPU
	EndGlobalSection
	GlobalSection(SolutionProperties) = preSolution
		HideSolutionNode = FALSE
	EndGlobalSection
	GlobalSection(NestedProjects) = preSolution
		{C16CD435-13BF-4138-989C-9278581C5DE9} = {570DD640-B90F-4A08-AA6B-8774FA212A51}
		{0655D940-778E-4D99-BE56-D0A0B0B5C93F} = {570DD640-B90F-4A08-AA6B-8774FA212A51}
		{20E42D05-A91B-44B0-AD0E-133D99FD4363} = {570DD640-B90F-4A08-AA6B-8774FA212A51}
		{8E19FF92-9970-4AC3-88EA-569E99C8860A} = {06AB4B70-B60B-4D25-A344-0C7C638313B9}
		{36045593-D295-4F91-BF9E-BA79BC1EB406} = {06AB4B70-B60B-4D25-A344-0C7C638313B9}
		{98E48BC4-BDBD-4D07-9793-59D8F7B1ECC8} = {06AB4B70-B60B-4D25-A344-0C7C638313B9}
		{B74C8380-4796-454C-BDDA-CF31ACA7DA2B} = {970A5BB6-C12B-4284-9925-7FE9B04EDB53}
		{6D6A70E0-1653-4051-8D82-4FF079F2A48C} = {970A5BB6-C12B-4284-9925-7FE9B04EDB53}
		{427CACAA-E9AF-4F01-B386-698074D90134} = {970A5BB6-C12B-4284-9925-7FE9B04EDB53}
		{B64E34BD-9DC2-468A-8132-1C3F6083138A} = {FF60D69D-E35E-4B65-8407-1D3EB1F4CD9D}
		{22DBB8E9-EA53-4428-A85B-97429AC645E5} = {FF60D69D-E35E-4B65-8407-1D3EB1F4CD9D}
		{6C30B358-5F67-4674-826E-7CCBF5C38C86} = {FF60D69D-E35E-4B65-8407-1D3EB1F4CD9D}
	EndGlobalSection
	GlobalSection(ExtensibilityGlobals) = postSolution
		SolutionGuid = {A4FBC2EF-BE6E-40A5-981B-1D003610994C}
	EndGlobalSection
EndGlobal
